// !$*UTF8*$!
{
	archiveVersion = 1;
	classes = {
	};
	objectVersion = 50;
	objects = {

/* Begin PBXBuildFile section */
		EB1CF6D72791DD6400B7978F /* AppDelegate.swift in Sources */ = {isa = PBXBuildFile; fileRef = EB1CF6D62791DD6400B7978F /* AppDelegate.swift */; };
		EB1CF6D92791DD6400B7978F /* SceneDelegate.swift in Sources */ = {isa = PBXBuildFile; fileRef = EB1CF6D82791DD6400B7978F /* SceneDelegate.swift */; };
		EB1CF6E02791DD6500B7978F /* Assets.xcassets in Resources */ = {isa = PBXBuildFile; fileRef = EB1CF6DF2791DD6500B7978F /* Assets.xcassets */; };
		EB5E66B0279486B000056039 /* Home.storyboard in Resources */ = {isa = PBXBuildFile; fileRef = EB5E66AF279486B000056039 /* Home.storyboard */; };
		EB5E66B2279486C300056039 /* PlayLists.storyboard in Resources */ = {isa = PBXBuildFile; fileRef = EB5E66B1279486C300056039 /* PlayLists.storyboard */; };
		EB5E66B4279486D400056039 /* Search.storyboard in Resources */ = {isa = PBXBuildFile; fileRef = EB5E66B3279486D400056039 /* Search.storyboard */; };
		EB5E66B62794871600056039 /* HomeVC.swift in Sources */ = {isa = PBXBuildFile; fileRef = EB5E66B52794871600056039 /* HomeVC.swift */; };
		EB5E66B82794872F00056039 /* PlayListVC.swift in Sources */ = {isa = PBXBuildFile; fileRef = EB5E66B72794872F00056039 /* PlayListVC.swift */; };
		EB5E66BA2794874700056039 /* SearchVC.swift in Sources */ = {isa = PBXBuildFile; fileRef = EB5E66B92794874700056039 /* SearchVC.swift */; };
		EB5E66BD27948F3500056039 /* Onboarding.storyboard in Resources */ = {isa = PBXBuildFile; fileRef = EB5E66BC27948F3500056039 /* Onboarding.storyboard */; };
		EB5E66BF27948F5E00056039 /* OnboardingVC.swift in Sources */ = {isa = PBXBuildFile; fileRef = EB5E66BE27948F5E00056039 /* OnboardingVC.swift */; };
		EB5E66C2279492CE00056039 /* Extensions.swift in Sources */ = {isa = PBXBuildFile; fileRef = EB5E66C1279492CE00056039 /* Extensions.swift */; };
		EB7810FB27956DC30047AED1 /* OnboardingCollectionViewCell.swift in Sources */ = {isa = PBXBuildFile; fileRef = EB7810FA27956DC30047AED1 /* OnboardingCollectionViewCell.swift */; };
		EB7810FE2795731B0047AED1 /* OnboardingSlide.swift in Sources */ = {isa = PBXBuildFile; fileRef = EB7810FD2795731B0047AED1 /* OnboardingSlide.swift */; };
		EBD3BC292794073C000B6EA2 /* MainVC.swift in Sources */ = {isa = PBXBuildFile; fileRef = EBD3BC282794073C000B6EA2 /* MainVC.swift */; };
		EBFDDFB3279481DB00B82B43 /* Main.storyboard in Resources */ = {isa = PBXBuildFile; fileRef = EBFDDFB2279481DB00B82B43 /* Main.storyboard */; };
		EBFDDFC22794831700B82B43 /* LaunchScreen.storyboard in Resources */ = {isa = PBXBuildFile; fileRef = EBFDDFC12794831700B82B43 /* LaunchScreen.storyboard */; };
/* End PBXBuildFile section */

/* Begin PBXFileReference section */
		EB1CF6D32791DD6400B7978F /* Canciones.app */ = {isa = PBXFileReference; explicitFileType = wrapper.application; includeInIndex = 0; path = Canciones.app; sourceTree = BUILT_PRODUCTS_DIR; };
		EB1CF6D62791DD6400B7978F /* AppDelegate.swift */ = {isa = PBXFileReference; lastKnownFileType = sourcecode.swift; path = AppDelegate.swift; sourceTree = "<group>"; };
		EB1CF6D82791DD6400B7978F /* SceneDelegate.swift */ = {isa = PBXFileReference; lastKnownFileType = sourcecode.swift; path = SceneDelegate.swift; sourceTree = "<group>"; };
		EB1CF6DF2791DD6500B7978F /* Assets.xcassets */ = {isa = PBXFileReference; lastKnownFileType = folder.assetcatalog; path = Assets.xcassets; sourceTree = "<group>"; };
		EB1CF6E42791DD6500B7978F /* Info.plist */ = {isa = PBXFileReference; lastKnownFileType = text.plist.xml; path = Info.plist; sourceTree = "<group>"; };
		EB5E66AF279486B000056039 /* Home.storyboard */ = {isa = PBXFileReference; lastKnownFileType = file.storyboard; path = Home.storyboard; sourceTree = "<group>"; };
		EB5E66B1279486C300056039 /* PlayLists.storyboard */ = {isa = PBXFileReference; lastKnownFileType = file.storyboard; path = PlayLists.storyboard; sourceTree = "<group>"; };
		EB5E66B3279486D400056039 /* Search.storyboard */ = {isa = PBXFileReference; lastKnownFileType = file.storyboard; path = Search.storyboard; sourceTree = "<group>"; };
		EB5E66B52794871600056039 /* HomeVC.swift */ = {isa = PBXFileReference; lastKnownFileType = sourcecode.swift; path = HomeVC.swift; sourceTree = "<group>"; };
		EB5E66B72794872F00056039 /* PlayListVC.swift */ = {isa = PBXFileReference; lastKnownFileType = sourcecode.swift; path = PlayListVC.swift; sourceTree = "<group>"; };
		EB5E66B92794874700056039 /* SearchVC.swift */ = {isa = PBXFileReference; lastKnownFileType = sourcecode.swift; path = SearchVC.swift; sourceTree = "<group>"; };
		EB5E66BC27948F3500056039 /* Onboarding.storyboard */ = {isa = PBXFileReference; lastKnownFileType = file.storyboard; path = Onboarding.storyboard; sourceTree = "<group>"; };
		EB5E66BE27948F5E00056039 /* OnboardingVC.swift */ = {isa = PBXFileReference; lastKnownFileType = sourcecode.swift; path = OnboardingVC.swift; sourceTree = "<group>"; };
		EB5E66C1279492CE00056039 /* Extensions.swift */ = {isa = PBXFileReference; lastKnownFileType = sourcecode.swift; path = Extensions.swift; sourceTree = "<group>"; };
		EB7810FA27956DC30047AED1 /* OnboardingCollectionViewCell.swift */ = {isa = PBXFileReference; lastKnownFileType = sourcecode.swift; path = OnboardingCollectionViewCell.swift; sourceTree = "<group>"; };
		EB7810FD2795731B0047AED1 /* OnboardingSlide.swift */ = {isa = PBXFileReference; lastKnownFileType = sourcecode.swift; path = OnboardingSlide.swift; sourceTree = "<group>"; };
		EBD3BC282794073C000B6EA2 /* MainVC.swift */ = {isa = PBXFileReference; lastKnownFileType = sourcecode.swift; path = MainVC.swift; sourceTree = "<group>"; };
		EBFDDFB2279481DB00B82B43 /* Main.storyboard */ = {isa = PBXFileReference; fileEncoding = 4; lastKnownFileType = file.storyboard; path = Main.storyboard; sourceTree = "<group>"; };
		EBFDDFC12794831700B82B43 /* LaunchScreen.storyboard */ = {isa = PBXFileReference; fileEncoding = 4; lastKnownFileType = file.storyboard; path = LaunchScreen.storyboard; sourceTree = "<group>"; };
/* End PBXFileReference section */

/* Begin PBXFrameworksBuildPhase section */
		EB1CF6D02791DD6400B7978F /* Frameworks */ = {
			isa = PBXFrameworksBuildPhase;
			buildActionMask = 2147483647;
			files = (
			);
			runOnlyForDeploymentPostprocessing = 0;
		};
/* End PBXFrameworksBuildPhase section */

/* Begin PBXGroup section */
		EB1CF6CA2791DD6400B7978F = {
			isa = PBXGroup;
			children = (
				EB1CF6D52791DD6400B7978F /* Canciones */,
				EB1CF6D42791DD6400B7978F /* Products */,
			);
			sourceTree = "<group>";
		};
		EB1CF6D42791DD6400B7978F /* Products */ = {
			isa = PBXGroup;
			children = (
				EB1CF6D32791DD6400B7978F /* Canciones.app */,
			);
			name = Products;
			sourceTree = "<group>";
		};
		EB1CF6D52791DD6400B7978F /* Canciones */ = {
			isa = PBXGroup;
			children = (
				EB7810FC279572E60047AED1 /* Models */,
				EBD3BC27279406E4000B6EA2 /* Resources */,
				EBD3BC23279401EB000B6EA2 /* Storyboard */,
				EBD3BC2627940697000B6EA2 /* ViewController */,
				EB1CF6DF2791DD6500B7978F /* Assets.xcassets */,
				EB1CF6E42791DD6500B7978F /* Info.plist */,
			);
			path = Canciones;
			sourceTree = "<group>";
		};
		EB5E66AA2794855000056039 /* Home */ = {
			isa = PBXGroup;
			children = (
				EB5E66AF279486B000056039 /* Home.storyboard */,
			);
			path = Home;
			sourceTree = "<group>";
		};
		EB5E66AD279485FD00056039 /* Search */ = {
			isa = PBXGroup;
			children = (
				EB5E66B3279486D400056039 /* Search.storyboard */,
			);
			path = Search;
			sourceTree = "<group>";
		};
		EB5E66AE2794860900056039 /* Playlists */ = {
			isa = PBXGroup;
			children = (
				EB5E66B1279486C300056039 /* PlayLists.storyboard */,
			);
			path = Playlists;
			sourceTree = "<group>";
		};
		EB5E66BB27948EEC00056039 /* Onboarding */ = {
			isa = PBXGroup;
			children = (
				EB5E66BC27948F3500056039 /* Onboarding.storyboard */,
			);
			path = Onboarding;
			sourceTree = "<group>";
		};
		EB5E66C0279492A700056039 /* Extensions */ = {
			isa = PBXGroup;
			children = (
				EB5E66C1279492CE00056039 /* Extensions.swift */,
			);
			path = Extensions;
			sourceTree = "<group>";
		};
		EB7810FC279572E60047AED1 /* Models */ = {
			isa = PBXGroup;
			children = (
				EB7810FD2795731B0047AED1 /* OnboardingSlide.swift */,
			);
			path = Models;
			sourceTree = "<group>";
		};
		EBD3BC23279401EB000B6EA2 /* Storyboard */ = {
			isa = PBXGroup;
			children = (
				EB5E66BB27948EEC00056039 /* Onboarding */,
				EB5E66AA2794855000056039 /* Home */,
				EB5E66AE2794860900056039 /* Playlists */,
				EB5E66AD279485FD00056039 /* Search */,
				EBFDDFC12794831700B82B43 /* LaunchScreen.storyboard */,
				EBFDDFB2279481DB00B82B43 /* Main.storyboard */,
			);
			path = Storyboard;
			sourceTree = "<group>";
		};
		EBD3BC2627940697000B6EA2 /* ViewController */ = {
			isa = PBXGroup;
			children = (
				EBD3BC282794073C000B6EA2 /* MainVC.swift */,
				EB7810FA27956DC30047AED1 /* OnboardingCollectionViewCell.swift */,
				EB5E66BE27948F5E00056039 /* OnboardingVC.swift */,
				EB5E66B52794871600056039 /* HomeVC.swift */,
				EB5E66B72794872F00056039 /* PlayListVC.swift */,
				EB5E66B92794874700056039 /* SearchVC.swift */,
			);
			path = ViewController;
			sourceTree = "<group>";
		};
		EBD3BC27279406E4000B6EA2 /* Resources */ = {
			isa = PBXGroup;
			children = (
				EB5E66C0279492A700056039 /* Extensions */,
				EB1CF6D62791DD6400B7978F /* AppDelegate.swift */,
				EB1CF6D82791DD6400B7978F /* SceneDelegate.swift */,
			);
			path = Resources;
			sourceTree = "<group>";
		};
/* End PBXGroup section */

/* Begin PBXNativeTarget section */
		EB1CF6D22791DD6400B7978F /* Canciones */ = {
			isa = PBXNativeTarget;
			buildConfigurationList = EB1CF6E72791DD6500B7978F /* Build configuration list for PBXNativeTarget "Canciones" */;
			buildPhases = (
				EB1CF6CF2791DD6400B7978F /* Sources */,
				EB1CF6D02791DD6400B7978F /* Frameworks */,
				EB1CF6D12791DD6400B7978F /* Resources */,
			);
			buildRules = (
			);
			dependencies = (
			);
			name = Canciones;
			productName = Canciones;
			productReference = EB1CF6D32791DD6400B7978F /* Canciones.app */;
			productType = "com.apple.product-type.application";
		};
/* End PBXNativeTarget section */

/* Begin PBXProject section */
		EB1CF6CB2791DD6400B7978F /* Project object */ = {
			isa = PBXProject;
			attributes = {
				LastSwiftUpdateCheck = 1250;
				LastUpgradeCheck = 1250;
				TargetAttributes = {
					EB1CF6D22791DD6400B7978F = {
						CreatedOnToolsVersion = 12.5.1;
					};
				};
			};
			buildConfigurationList = EB1CF6CE2791DD6400B7978F /* Build configuration list for PBXProject "Canciones" */;
			compatibilityVersion = "Xcode 9.3";
			developmentRegion = en;
			hasScannedForEncodings = 0;
			knownRegions = (
				en,
				Base,
			);
			mainGroup = EB1CF6CA2791DD6400B7978F;
			productRefGroup = EB1CF6D42791DD6400B7978F /* Products */;
			projectDirPath = "";
			projectRoot = "";
			targets = (
				EB1CF6D22791DD6400B7978F /* Canciones */,
			);
		};
/* End PBXProject section */

/* Begin PBXResourcesBuildPhase section */
		EB1CF6D12791DD6400B7978F /* Resources */ = {
			isa = PBXResourcesBuildPhase;
			buildActionMask = 2147483647;
			files = (
				EB5E66B2279486C300056039 /* PlayLists.storyboard in Resources */,
				EBFDDFC22794831700B82B43 /* LaunchScreen.storyboard in Resources */,
				EB1CF6E02791DD6500B7978F /* Assets.xcassets in Resources */,
				EBFDDFB3279481DB00B82B43 /* Main.storyboard in Resources */,
				EB5E66BD27948F3500056039 /* Onboarding.storyboard in Resources */,
				EB5E66B4279486D400056039 /* Search.storyboard in Resources */,
				EB5E66B0279486B000056039 /* Home.storyboard in Resources */,
			);
			runOnlyForDeploymentPostprocessing = 0;
		};
/* End PBXResourcesBuildPhase section */

/* Begin PBXSourcesBuildPhase section */
		EB1CF6CF2791DD6400B7978F /* Sources */ = {
			isa = PBXSourcesBuildPhase;
			buildActionMask = 2147483647;
			files = (
				EB7810FE2795731B0047AED1 /* OnboardingSlide.swift in Sources */,
				EB5E66BA2794874700056039 /* SearchVC.swift in Sources */,
				EB5E66B82794872F00056039 /* PlayListVC.swift in Sources */,
				EB1CF6D72791DD6400B7978F /* AppDelegate.swift in Sources */,
				EB5E66C2279492CE00056039 /* Extensions.swift in Sources */,
				EB5E66B62794871600056039 /* HomeVC.swift in Sources */,
				EBD3BC292794073C000B6EA2 /* MainVC.swift in Sources */,
				EB1CF6D92791DD6400B7978F /* SceneDelegate.swift in Sources */,
				EB5E66BF27948F5E00056039 /* OnboardingVC.swift in Sources */,
				EB7810FB27956DC30047AED1 /* OnboardingCollectionViewCell.swift in Sources */,
			);
			runOnlyForDeploymentPostprocessing = 0;
		};
/* End PBXSourcesBuildPhase section */

/* Begin XCBuildConfiguration section */
		EB1CF6E52791DD6500B7978F /* Debug */ = {
			isa = XCBuildConfiguration;
			buildSettings = {
				ALWAYS_SEARCH_USER_PATHS = NO;
				CLANG_ANALYZER_NONNULL = YES;
				CLANG_ANALYZER_NUMBER_OBJECT_CONVERSION = YES_AGGRESSIVE;
				CLANG_CXX_LANGUAGE_STANDARD = "gnu++14";
				CLANG_CXX_LIBRARY = "libc++";
				CLANG_ENABLE_MODULES = YES;
				CLANG_ENABLE_OBJC_ARC = YES;
				CLANG_ENABLE_OBJC_WEAK = YES;
				CLANG_WARN_BLOCK_CAPTURE_AUTORELEASING = YES;
				CLANG_WARN_BOOL_CONVERSION = YES;
				CLANG_WARN_COMMA = YES;
				CLANG_WARN_CONSTANT_CONVERSION = YES;
				CLANG_WARN_DEPRECATED_OBJC_IMPLEMENTATIONS = YES;
				CLANG_WARN_DIRECT_OBJC_ISA_USAGE = YES_ERROR;
				CLANG_WARN_DOCUMENTATION_COMMENTS = YES;
				CLANG_WARN_EMPTY_BODY = YES;
				CLANG_WARN_ENUM_CONVERSION = YES;
				CLANG_WARN_INFINITE_RECURSION = YES;
				CLANG_WARN_INT_CONVERSION = YES;
				CLANG_WARN_NON_LITERAL_NULL_CONVERSION = YES;
				CLANG_WARN_OBJC_IMPLICIT_RETAIN_SELF = YES;
				CLANG_WARN_OBJC_LITERAL_CONVERSION = YES;
				CLANG_WARN_OBJC_ROOT_CLASS = YES_ERROR;
				CLANG_WARN_QUOTED_INCLUDE_IN_FRAMEWORK_HEADER = YES;
				CLANG_WARN_RANGE_LOOP_ANALYSIS = YES;
				CLANG_WARN_STRICT_PROTOTYPES = YES;
				CLANG_WARN_SUSPICIOUS_MOVE = YES;
				CLANG_WARN_UNGUARDED_AVAILABILITY = YES_AGGRESSIVE;
				CLANG_WARN_UNREACHABLE_CODE = YES;
				CLANG_WARN__DUPLICATE_METHOD_MATCH = YES;
				COPY_PHASE_STRIP = NO;
				DEBUG_INFORMATION_FORMAT = dwarf;
				ENABLE_STRICT_OBJC_MSGSEND = YES;
				ENABLE_TESTABILITY = YES;
				GCC_C_LANGUAGE_STANDARD = gnu11;
				GCC_DYNAMIC_NO_PIC = NO;
				GCC_NO_COMMON_BLOCKS = YES;
				GCC_OPTIMIZATION_LEVEL = 0;
				GCC_PREPROCESSOR_DEFINITIONS = (
					"DEBUG=1",
					"$(inherited)",
				);
				GCC_WARN_64_TO_32_BIT_CONVERSION = YES;
				GCC_WARN_ABOUT_RETURN_TYPE = YES_ERROR;
				GCC_WARN_UNDECLARED_SELECTOR = YES;
				GCC_WARN_UNINITIALIZED_AUTOS = YES_AGGRESSIVE;
				GCC_WARN_UNUSED_FUNCTION = YES;
				GCC_WARN_UNUSED_VARIABLE = YES;
				IPHONEOS_DEPLOYMENT_TARGET = 14.5;
				MTL_ENABLE_DEBUG_INFO = INCLUDE_SOURCE;
				MTL_FAST_MATH = YES;
				ONLY_ACTIVE_ARCH = YES;
				SDKROOT = iphoneos;
				SWIFT_ACTIVE_COMPILATION_CONDITIONS = DEBUG;
				SWIFT_OPTIMIZATION_LEVEL = "-Onone";
			};
			name = Debug;
		};
		EB1CF6E62791DD6500B7978F /* Release */ = {
			isa = XCBuildConfiguration;
			buildSettings = {
				ALWAYS_SEARCH_USER_PATHS = NO;
				CLANG_ANALYZER_NONNULL = YES;
				CLANG_ANALYZER_NUMBER_OBJECT_CONVERSION = YES_AGGRESSIVE;
				CLANG_CXX_LANGUAGE_STANDARD = "gnu++14";
				CLANG_CXX_LIBRARY = "libc++";
				CLANG_ENABLE_MODULES = YES;
				CLANG_ENABLE_OBJC_ARC = YES;
				CLANG_ENABLE_OBJC_WEAK = YES;
				CLANG_WARN_BLOCK_CAPTURE_AUTORELEASING = YES;
				CLANG_WARN_BOOL_CONVERSION = YES;
				CLANG_WARN_COMMA = YES;
				CLANG_WARN_CONSTANT_CONVERSION = YES;
				CLANG_WARN_DEPRECATED_OBJC_IMPLEMENTATIONS = YES;
				CLANG_WARN_DIRECT_OBJC_ISA_USAGE = YES_ERROR;
				CLANG_WARN_DOCUMENTATION_COMMENTS = YES;
				CLANG_WARN_EMPTY_BODY = YES;
				CLANG_WARN_ENUM_CONVERSION = YES;
				CLANG_WARN_INFINITE_RECURSION = YES;
				CLANG_WARN_INT_CONVERSION = YES;
				CLANG_WARN_NON_LITERAL_NULL_CONVERSION = YES;
				CLANG_WARN_OBJC_IMPLICIT_RETAIN_SELF = YES;
				CLANG_WARN_OBJC_LITERAL_CONVERSION = YES;
				CLANG_WARN_OBJC_ROOT_CLASS = YES_ERROR;
				CLANG_WARN_QUOTED_INCLUDE_IN_FRAMEWORK_HEADER = YES;
				CLANG_WARN_RANGE_LOOP_ANALYSIS = YES;
				CLANG_WARN_STRICT_PROTOTYPES = YES;
				CLANG_WARN_SUSPICIOUS_MOVE = YES;
				CLANG_WARN_UNGUARDED_AVAILABILITY = YES_AGGRESSIVE;
				CLANG_WARN_UNREACHABLE_CODE = YES;
				CLANG_WARN__DUPLICATE_METHOD_MATCH = YES;
				COPY_PHASE_STRIP = NO;
				DEBUG_INFORMATION_FORMAT = "dwarf-with-dsym";
				ENABLE_NS_ASSERTIONS = NO;
				ENABLE_STRICT_OBJC_MSGSEND = YES;
				GCC_C_LANGUAGE_STANDARD = gnu11;
				GCC_NO_COMMON_BLOCKS = YES;
				GCC_WARN_64_TO_32_BIT_CONVERSION = YES;
				GCC_WARN_ABOUT_RETURN_TYPE = YES_ERROR;
				GCC_WARN_UNDECLARED_SELECTOR = YES;
				GCC_WARN_UNINITIALIZED_AUTOS = YES_AGGRESSIVE;
				GCC_WARN_UNUSED_FUNCTION = YES;
				GCC_WARN_UNUSED_VARIABLE = YES;
				IPHONEOS_DEPLOYMENT_TARGET = 14.5;
				MTL_ENABLE_DEBUG_INFO = NO;
				MTL_FAST_MATH = YES;
				SDKROOT = iphoneos;
				SWIFT_COMPILATION_MODE = wholemodule;
				SWIFT_OPTIMIZATION_LEVEL = "-O";
				VALIDATE_PRODUCT = YES;
			};
			name = Release;
		};
		EB1CF6E82791DD6500B7978F /* Debug */ = {
			isa = XCBuildConfiguration;
			buildSettings = {
				ASSETCATALOG_COMPILER_APPICON_NAME = AppIcon;
				ASSETCATALOG_COMPILER_GLOBAL_ACCENT_COLOR_NAME = AccentColor;
				CODE_SIGN_STYLE = Automatic;
				INFOPLIST_FILE = Canciones/Info.plist;
				LD_RUNPATH_SEARCH_PATHS = (
					"$(inherited)",
					"@executable_path/Frameworks",
				);
				PRODUCT_BUNDLE_IDENTIFIER = com.asbsoft.canciones;
				PRODUCT_NAME = "$(TARGET_NAME)";
				SWIFT_VERSION = 5.0;
				TARGETED_DEVICE_FAMILY = "1,2";
			};
			name = Debug;
		};
		EB1CF6E92791DD6500B7978F /* Release */ = {
			isa = XCBuildConfiguration;
			buildSettings = {
				ASSETCATALOG_COMPILER_APPICON_NAME = AppIcon;
				ASSETCATALOG_COMPILER_GLOBAL_ACCENT_COLOR_NAME = AccentColor;
				CODE_SIGN_STYLE = Automatic;
				INFOPLIST_FILE = Canciones/Info.plist;
				LD_RUNPATH_SEARCH_PATHS = (
					"$(inherited)",
					"@executable_path/Frameworks",
				);
				PRODUCT_BUNDLE_IDENTIFIER = com.asbsoft.canciones;
				PRODUCT_NAME = "$(TARGET_NAME)";
				SWIFT_VERSION = 5.0;
				TARGETED_DEVICE_FAMILY = "1,2";
			};
			name = Release;
		};
/* End XCBuildConfiguration section */

/* Begin XCConfigurationList section */
		EB1CF6CE2791DD6400B7978F /* Build configuration list for PBXProject "Canciones" */ = {
			isa = XCConfigurationList;
			buildConfigurations = (
				EB1CF6E52791DD6500B7978F /* Debug */,
				EB1CF6E62791DD6500B7978F /* Release */,
			);
			defaultConfigurationIsVisible = 0;
			defaultConfigurationName = Release;
		};
		EB1CF6E72791DD6500B7978F /* Build configuration list for PBXNativeTarget "Canciones" */ = {
			isa = XCConfigurationList;
			buildConfigurations = (
				EB1CF6E82791DD6500B7978F /* Debug */,
				EB1CF6E92791DD6500B7978F /* Release */,
			);
			defaultConfigurationIsVisible = 0;
			defaultConfigurationName = Release;
		};
/* End XCConfigurationList section */
	};
	rootObject = EB1CF6CB2791DD6400B7978F /* Project object */;
}
